
Microsoft Visual Studio Solution File, Format Version 12.00
# Visual Studio 2013
VisualStudioVersion = 12.0.31101.0
MinimumVisualStudioVersion = 10.0.40219.1
Project("{FAE04EC0-301F-11D3-BF4B-00C04F79EFBC}") = "AgendaDeContatos", "AgendaDeContatos\AgendaDeContatos.csproj", "{FF749EAA-116C-4A23-BD10-6DE2B0EF599D}"
EndProject
Project("{FAE04EC0-301F-11D3-BF4B-00C04F79EFBC}") = "AgendaDeContatos.Tests", "AgendaDeContatos.Tests\AgendaDeContatos.Tests.csproj", "{EBA1D50E-0916-4336-AB9E-F8BB39E4D9A6}"
EndProject
Project("{2150E333-8FDC-42A3-9474-1A3956D46DE8}") = "Presentation", "Presentation", "{F104F7FD-A678-4111-AAE6-F7C9487E8C08}"
EndProject
Project("{2150E333-8FDC-42A3-9474-1A3956D46DE8}") = "Testes", "Testes", "{189AD448-0B3C-4FDB-ABD6-CDEB142F80B3}"
EndProject
Project("{2150E333-8FDC-42A3-9474-1A3956D46DE8}") = "Core", "Core", "{35B7B3CB-6768-43C9-8CEC-6E00E8B6D042}"
EndProject
Project("{2150E333-8FDC-42A3-9474-1A3956D46DE8}") = "Infra", "Infra", "{847A0435-34EF-416D-9E14-FBC95C5C6B64}"
EndProject
Project("{FAE04EC0-301F-11D3-BF4B-00C04F79EFBC}") = "AgendaDeContatos.Core", "AgendaDeContatos.Core\AgendaDeContatos.Core.csproj", "{479172F0-B58B-45E6-9436-DB61AACFE046}"
EndProject
Project("{FAE04EC0-301F-11D3-BF4B-00C04F79EFBC}") = "AgendaDeContatos.Infra", "AgendaDeContatos.Infra\AgendaDeContatos.Infra.csproj", "{A0A7F54B-1327-4488-A24A-DDEEDCC2E4C7}"
EndProject
Project("{FAE04EC0-301F-11D3-BF4B-00C04F79EFBC}") = "AgendaDeContatos.Core.Tests", "AgendaDeContatos.Core.Tests\AgendaDeContatos.Core.Tests.csproj", "{04C9F9B1-4437-4C2D-8511-2989E16913C9}"
EndProject
Global
	GlobalSection(SolutionConfigurationPlatforms) = preSolution
		Debug|Any CPU = Debug|Any CPU
		Release|Any CPU = Release|Any CPU
	EndGlobalSection
	GlobalSection(ProjectConfigurationPlatforms) = postSolution
		{FF749EAA-116C-4A23-BD10-6DE2B0EF599D}.Debug|Any CPU.ActiveCfg = Debug|Any CPU
		{FF749EAA-116C-4A23-BD10-6DE2B0EF599D}.Debug|Any CPU.Build.0 = Debug|Any CPU
		{FF749EAA-116C-4A23-BD10-6DE2B0EF599D}.Release|Any CPU.ActiveCfg = Release|Any CPU
		{FF749EAA-116C-4A23-BD10-6DE2B0EF599D}.Release|Any CPU.Build.0 = Release|Any CPU
		{EBA1D50E-0916-4336-AB9E-F8BB39E4D9A6}.Debug|Any CPU.ActiveCfg = Debug|Any CPU
		{EBA1D50E-0916-4336-AB9E-F8BB39E4D9A6}.Debug|Any CPU.Build.0 = Debug|Any CPU
		{EBA1D50E-0916-4336-AB9E-F8BB39E4D9A6}.Release|Any CPU.ActiveCfg = Release|Any CPU
		{EBA1D50E-0916-4336-AB9E-F8BB39E4D9A6}.Release|Any CPU.Build.0 = Release|Any CPU
		{479172F0-B58B-45E6-9436-DB61AACFE046}.Debug|Any CPU.ActiveCfg = Debug|Any CPU
		{479172F0-B58B-45E6-9436-DB61AACFE046}.Debug|Any CPU.Build.0 = Debug|Any CPU
		{479172F0-B58B-45E6-9436-DB61AACFE046}.Release|Any CPU.ActiveCfg = Release|Any CPU
		{479172F0-B58B-45E6-9436-DB61AACFE046}.Release|Any CPU.Build.0 = Release|Any CPU
		{A0A7F54B-1327-4488-A24A-DDEEDCC2E4C7}.Debug|Any CPU.ActiveCfg = Debug|Any CPU
		{A0A7F54B-1327-4488-A24A-DDEEDCC2E4C7}.Debug|Any CPU.Build.0 = Debug|Any CPU
		{A0A7F54B-1327-4488-A24A-DDEEDCC2E4C7}.Release|Any CPU.ActiveCfg = Release|Any CPU
		{A0A7F54B-1327-4488-A24A-DDEEDCC2E4C7}.Release|Any CPU.Build.0 = Release|Any CPU
		{04C9F9B1-4437-4C2D-8511-2989E16913C9}.Debug|Any CPU.ActiveCfg = Debug|Any CPU
		{04C9F9B1-4437-4C2D-8511-2989E16913C9}.Debug|Any CPU.Build.0 = Debug|Any CPU
		{04C9F9B1-4437-4C2D-8511-2989E16913C9}.Release|Any CPU.ActiveCfg = Release|Any CPU
		{04C9F9B1-4437-4C2D-8511-2989E16913C9}.Release|Any CPU.Build.0 = Release|Any CPU
	EndGlobalSection
	GlobalSection(SolutionProperties) = preSolution
		HideSolutionNode = FALSE
	EndGlobalSection
	GlobalSection(NestedProjects) = preSolution
		{FF749EAA-116C-4A23-BD10-6DE2B0EF599D} = {F104F7FD-A678-4111-AAE6-F7C9487E8C08}
		{EBA1D50E-0916-4336-AB9E-F8BB39E4D9A6} = {189AD448-0B3C-4FDB-ABD6-CDEB142F80B3}
		{479172F0-B58B-45E6-9436-DB61AACFE046} = {35B7B3CB-6768-43C9-8CEC-6E00E8B6D042}
		{A0A7F54B-1327-4488-A24A-DDEEDCC2E4C7} = {847A0435-34EF-416D-9E14-FBC95C5C6B64}
		{04C9F9B1-4437-4C2D-8511-2989E16913C9} = {189AD448-0B3C-4FDB-ABD6-CDEB142F80B3}
	EndGlobalSection
EndGlobal
